
Microsoft Visual Studio Solution File, Format Version 12.00
# Visual Studio 14
VisualStudioVersion = 14.0.25420.1
MinimumVisualStudioVersion = 10.0.40219.1
Project("{8BC9CEB8-8B4A-11D0-8D11-00A0C91BC942}") = "FunctionPointers", "FunctionPointers\FunctionPointers.vcxproj", "{C8132953-B359-4B60-8A7D-355CF4127022}"
EndProject
Project("{8BC9CEB8-8B4A-11D0-8D11-00A0C91BC942}") = "Lambdas", "Lambdas\Lambdas.vcxproj", "{1E5F35AC-E8DE-4861-BA81-06B4A06F56B2}"
EndProject
Project("{8BC9CEB8-8B4A-11D0-8D11-00A0C91BC942}") = "OperatorOverloading", "OperatorOverloading\OperatorOverloading.vcxproj", "{771D5B1B-34DD-4497-BD62-F22212DEEC86}"
EndProject
Project("{8BC9CEB8-8B4A-11D0-8D11-00A0C91BC942}") = "MemoryOffset", "MemoryOffset\MemoryOffset.vcxproj", "{BA5245F7-F055-45B9-9719-64987E8D9907}"
EndProject
Project("{8BC9CEB8-8B4A-11D0-8D11-00A0C91BC942}") = "OptimizingVector", "OptimizingVector\OptimizingVector.vcxproj", "{A552782C-9F9F-4A53-8626-C55C801D3F92}"
EndProject
Project("{8BC9CEB8-8B4A-11D0-8D11-00A0C91BC942}") = "Templates", "Templates\Templates.vcxproj", "{7C2A1CE4-C4B7-4B9F-8FF1-DB2F9F7B58E6}"
EndProject
Global
	GlobalSection(SolutionConfigurationPlatforms) = preSolution
		Debug|x64 = Debug|x64
		Debug|x86 = Debug|x86
		Release|x64 = Release|x64
		Release|x86 = Release|x86
	EndGlobalSection
	GlobalSection(ProjectConfigurationPlatforms) = postSolution
		{C8132953-B359-4B60-8A7D-355CF4127022}.Debug|x64.ActiveCfg = Debug|x64
		{C8132953-B359-4B60-8A7D-355CF4127022}.Debug|x64.Build.0 = Debug|x64
		{C8132953-B359-4B60-8A7D-355CF4127022}.Debug|x86.ActiveCfg = Debug|Win32
		{C8132953-B359-4B60-8A7D-355CF4127022}.Debug|x86.Build.0 = Debug|Win32
		{C8132953-B359-4B60-8A7D-355CF4127022}.Release|x64.ActiveCfg = Release|x64
		{C8132953-B359-4B60-8A7D-355CF4127022}.Release|x64.Build.0 = Release|x64
		{C8132953-B359-4B60-8A7D-355CF4127022}.Release|x86.ActiveCfg = Release|Win32
		{C8132953-B359-4B60-8A7D-355CF4127022}.Release|x86.Build.0 = Release|Win32
		{1E5F35AC-E8DE-4861-BA81-06B4A06F56B2}.Debug|x64.ActiveCfg = Debug|x64
		{1E5F35AC-E8DE-4861-BA81-06B4A06F56B2}.Debug|x64.Build.0 = Debug|x64
		{1E5F35AC-E8DE-4861-BA81-06B4A06F56B2}.Debug|x86.ActiveCfg = Debug|Win32
		{1E5F35AC-E8DE-4861-BA81-06B4A06F56B2}.Debug|x86.Build.0 = Debug|Win32
		{1E5F35AC-E8DE-4861-BA81-06B4A06F56B2}.Release|x64.ActiveCfg = Release|x64
		{1E5F35AC-E8DE-4861-BA81-06B4A06F56B2}.Release|x64.Build.0 = Release|x64
		{1E5F35AC-E8DE-4861-BA81-06B4A06F56B2}.Release|x86.ActiveCfg = Release|Win32
		{1E5F35AC-E8DE-4861-BA81-06B4A06F56B2}.Release|x86.Build.0 = Release|Win32
		{771D5B1B-34DD-4497-BD62-F22212DEEC86}.Debug|x64.ActiveCfg = Debug|x64
		{771D5B1B-34DD-4497-BD62-F22212DEEC86}.Debug|x64.Build.0 = Debug|x64
		{771D5B1B-34DD-4497-BD62-F22212DEEC86}.Debug|x86.ActiveCfg = Debug|Win32
		{771D5B1B-34DD-4497-BD62-F22212DEEC86}.Debug|x86.Build.0 = Debug|Win32
		{771D5B1B-34DD-4497-BD62-F22212DEEC86}.Release|x64.ActiveCfg = Release|x64
		{771D5B1B-34DD-4497-BD62-F22212DEEC86}.Release|x64.Build.0 = Release|x64
		{771D5B1B-34DD-4497-BD62-F22212DEEC86}.Release|x86.ActiveCfg = Release|Win32
		{771D5B1B-34DD-4497-BD62-F22212DEEC86}.Release|x86.Build.0 = Release|Win32
		{BA5245F7-F055-45B9-9719-64987E8D9907}.Debug|x64.ActiveCfg = Debug|x64
		{BA5245F7-F055-45B9-9719-64987E8D9907}.Debug|x64.Build.0 = Debug|x64
		{BA5245F7-F055-45B9-9719-64987E8D9907}.Debug|x86.ActiveCfg = Debug|Win32
		{BA5245F7-F055-45B9-9719-64987E8D9907}.Debug|x86.Build.0 = Debug|Win32
		{BA5245F7-F055-45B9-9719-64987E8D9907}.Release|x64.ActiveCfg = Release|x64
		{BA5245F7-F055-45B9-9719-64987E8D9907}.Release|x64.Build.0 = Release|x64
		{BA5245F7-F055-45B9-9719-64987E8D9907}.Release|x86.ActiveCfg = Release|Win32
		{BA5245F7-F055-45B9-9719-64987E8D9907}.Release|x86.Build.0 = Release|Win32
		{A552782C-9F9F-4A53-8626-C55C801D3F92}.Debug|x64.ActiveCfg = Debug|x64
		{A552782C-9F9F-4A53-8626-C55C801D3F92}.Debug|x64.Build.0 = Debug|x64
		{A552782C-9F9F-4A53-8626-C55C801D3F92}.Debug|x86.ActiveCfg = Debug|Win32
		{A552782C-9F9F-4A53-8626-C55C801D3F92}.Debug|x86.Build.0 = Debug|Win32
		{A552782C-9F9F-4A53-8626-C55C801D3F92}.Release|x64.ActiveCfg = Release|x64
		{A552782C-9F9F-4A53-8626-C55C801D3F92}.Release|x64.Build.0 = Release|x64
		{A552782C-9F9F-4A53-8626-C55C801D3F92}.Release|x86.ActiveCfg = Release|Win32
		{A552782C-9F9F-4A53-8626-C55C801D3F92}.Release|x86.Build.0 = Release|Win32
		{7C2A1CE4-C4B7-4B9F-8FF1-DB2F9F7B58E6}.Debug|x64.ActiveCfg = Debug|x64
		{7C2A1CE4-C4B7-4B9F-8FF1-DB2F9F7B58E6}.Debug|x64.Build.0 = Debug|x64
		{7C2A1CE4-C4B7-4B9F-8FF1-DB2F9F7B58E6}.Debug|x86.ActiveCfg = Debug|Win32
		{7C2A1CE4-C4B7-4B9F-8FF1-DB2F9F7B58E6}.Debug|x86.Build.0 = Debug|Win32
		{7C2A1CE4-C4B7-4B9F-8FF1-DB2F9F7B58E6}.Release|x64.ActiveCfg = Release|x64
		{7C2A1CE4-C4B7-4B9F-8FF1-DB2F9F7B58E6}.Release|x64.Build.0 = Release|x64
		{7C2A1CE4-C4B7-4B9F-8FF1-DB2F9F7B58E6}.Release|x86.ActiveCfg = Release|Win32
		{7C2A1CE4-C4B7-4B9F-8FF1-DB2F9F7B58E6}.Release|x86.Build.0 = Release|Win32
	EndGlobalSection
	GlobalSection(SolutionProperties) = preSolution
		HideSolutionNode = FALSE
	EndGlobalSection
EndGlobal
